
Microsoft Visual Studio Solution File, Format Version 12.00
# Visual Studio Version 16
VisualStudioVersion = 16.0.29613.14
MinimumVisualStudioVersion = 10.0.40219.1
Project("{FAE04EC0-301F-11D3-BF4B-00C04F79EFBC}") = "KerbalReconstructionTape", "KerbalReconstructionTape\KerbalReconstructionTape.csproj", "{2ECB8FB9-6BF4-4AC5-A7D4-CAE3662B094F}"
EndProject
Global
	GlobalSection(SolutionConfigurationPlatforms) = preSolution
		Debug|Any CPU = Debug|Any CPU
		Release|Any CPU = Release|Any CPU
	EndGlobalSection
	GlobalSection(ProjectConfigurationPlatforms) = postSolution
		{2ECB8FB9-6BF4-4AC5-A7D4-CAE3662B094F}.Debug|Any CPU.ActiveCfg = Debug|Any CPU
		{2ECB8FB9-6BF4-4AC5-A7D4-CAE3662B094F}.Debug|Any CPU.Build.0 = Debug|Any CPU
		{2ECB8FB9-6BF4-4AC5-A7D4-CAE3662B094F}.Release|Any CPU.ActiveCfg = Release|Any CPU
		{2ECB8FB9-6BF4-4AC5-A7D4-CAE3662B094F}.Release|Any CPU.Build.0 = Release|Any CPU
	EndGlobalSection
	GlobalSection(SolutionProperties) = preSolution
		HideSolutionNode = FALSE
	EndGlobalSection
	GlobalSection(ExtensibilityGlobals) = postSolution
		SolutionGuid = {5A7E230D-41DC-45E3-9956-0E65BC0291EA}
	EndGlobalSection
EndGlobal
